// !$*UTF8*$!
{
	archiveVersion = 1;
	classes = {
	};
	objectVersion = 56;
	objects = {

/* Begin PBXBuildFile section */
		3F5D2754296D353900DDBEC1 /* AppDelegate.swift in Sources */ = {isa = PBXBuildFile; fileRef = 3F5D2753296D353900DDBEC1 /* AppDelegate.swift */; };
		3F5D2756296D353900DDBEC1 /* SceneDelegate.swift in Sources */ = {isa = PBXBuildFile; fileRef = 3F5D2755296D353900DDBEC1 /* SceneDelegate.swift */; };
		3F5D2758296D353900DDBEC1 /* ViewController.swift in Sources */ = {isa = PBXBuildFile; fileRef = 3F5D2757296D353900DDBEC1 /* ViewController.swift */; };
		3F5D275B296D353900DDBEC1 /* Main.storyboard in Resources */ = {isa = PBXBuildFile; fileRef = 3F5D2759296D353900DDBEC1 /* Main.storyboard */; };
		3F5D275D296D353B00DDBEC1 /* Assets.xcassets in Resources */ = {isa = PBXBuildFile; fileRef = 3F5D275C296D353B00DDBEC1 /* Assets.xcassets */; };
		3F5D2760296D353B00DDBEC1 /* LaunchScreen.storyboard in Resources */ = {isa = PBXBuildFile; fileRef = 3F5D275E296D353B00DDBEC1 /* LaunchScreen.storyboard */; };
		3F5D276B296D353B00DDBEC1 /* MapleTests.swift in Sources */ = {isa = PBXBuildFile; fileRef = 3F5D276A296D353B00DDBEC1 /* MapleTests.swift */; };
		3F5D2775296D353B00DDBEC1 /* MapleUITests.swift in Sources */ = {isa = PBXBuildFile; fileRef = 3F5D2774296D353B00DDBEC1 /* MapleUITests.swift */; };
		3F5D2777296D353B00DDBEC1 /* MapleUITestsLaunchTests.swift in Sources */ = {isa = PBXBuildFile; fileRef = 3F5D2776296D353B00DDBEC1 /* MapleUITestsLaunchTests.swift */; };
/* End PBXBuildFile section */

/* Begin PBXContainerItemProxy section */
		3F5D2767296D353B00DDBEC1 /* PBXContainerItemProxy */ = {
			isa = PBXContainerItemProxy;
			containerPortal = 3F5D2748296D353900DDBEC1 /* Project object */;
			proxyType = 1;
			remoteGlobalIDString = 3F5D274F296D353900DDBEC1;
			remoteInfo = Maple;
		};
		3F5D2771296D353B00DDBEC1 /* PBXContainerItemProxy */ = {
			isa = PBXContainerItemProxy;
			containerPortal = 3F5D2748296D353900DDBEC1 /* Project object */;
			proxyType = 1;
			remoteGlobalIDString = 3F5D274F296D353900DDBEC1;
			remoteInfo = Maple;
		};
/* End PBXContainerItemProxy section */

/* Begin PBXFileReference section */
		3F5D2750296D353900DDBEC1 /* Maple.app */ = {isa = PBXFileReference; explicitFileType = wrapper.application; includeInIndex = 0; path = Maple.app; sourceTree = BUILT_PRODUCTS_DIR; };
		3F5D2753296D353900DDBEC1 /* AppDelegate.swift */ = {isa = PBXFileReference; lastKnownFileType = sourcecode.swift; path = AppDelegate.swift; sourceTree = "<group>"; };
		3F5D2755296D353900DDBEC1 /* SceneDelegate.swift */ = {isa = PBXFileReference; lastKnownFileType = sourcecode.swift; path = SceneDelegate.swift; sourceTree = "<group>"; };
		3F5D2757296D353900DDBEC1 /* ViewController.swift */ = {isa = PBXFileReference; lastKnownFileType = sourcecode.swift; path = ViewController.swift; sourceTree = "<group>"; };
		3F5D275A296D353900DDBEC1 /* Base */ = {isa = PBXFileReference; lastKnownFileType = file.storyboard; name = Base; path = Base.lproj/Main.storyboard; sourceTree = "<group>"; };
		3F5D275C296D353B00DDBEC1 /* Assets.xcassets */ = {isa = PBXFileReference; lastKnownFileType = folder.assetcatalog; path = Assets.xcassets; sourceTree = "<group>"; };
		3F5D275F296D353B00DDBEC1 /* Base */ = {isa = PBXFileReference; lastKnownFileType = file.storyboard; name = Base; path = Base.lproj/LaunchScreen.storyboard; sourceTree = "<group>"; };
		3F5D2761296D353B00DDBEC1 /* Info.plist */ = {isa = PBXFileReference; lastKnownFileType = text.plist.xml; path = Info.plist; sourceTree = "<group>"; };
		3F5D2766296D353B00DDBEC1 /* MapleTests.xctest */ = {isa = PBXFileReference; explicitFileType = wrapper.cfbundle; includeInIndex = 0; path = MapleTests.xctest; sourceTree = BUILT_PRODUCTS_DIR; };
		3F5D276A296D353B00DDBEC1 /* MapleTests.swift */ = {isa = PBXFileReference; lastKnownFileType = sourcecode.swift; path = MapleTests.swift; sourceTree = "<group>"; };
		3F5D2770296D353B00DDBEC1 /* MapleUITests.xctest */ = {isa = PBXFileReference; explicitFileType = wrapper.cfbundle; includeInIndex = 0; path = MapleUITests.xctest; sourceTree = BUILT_PRODUCTS_DIR; };
		3F5D2774296D353B00DDBEC1 /* MapleUITests.swift */ = {isa = PBXFileReference; lastKnownFileType = sourcecode.swift; path = MapleUITests.swift; sourceTree = "<group>"; };
		3F5D2776296D353B00DDBEC1 /* MapleUITestsLaunchTests.swift */ = {isa = PBXFileReference; lastKnownFileType = sourcecode.swift; path = MapleUITestsLaunchTests.swift; sourceTree = "<group>"; };
/* End PBXFileReference section */

/* Begin PBXFrameworksBuildPhase section */
		3F5D274D296D353900DDBEC1 /* Frameworks */ = {
			isa = PBXFrameworksBuildPhase;
			buildActionMask = 2147483647;
			files = (
			);
			runOnlyForDeploymentPostprocessing = 0;
		};
		3F5D2763296D353B00DDBEC1 /* Frameworks */ = {
			isa = PBXFrameworksBuildPhase;
			buildActionMask = 2147483647;
			files = (
			);
			runOnlyForDeploymentPostprocessing = 0;
		};
		3F5D276D296D353B00DDBEC1 /* Frameworks */ = {
			isa = PBXFrameworksBuildPhase;
			buildActionMask = 2147483647;
			files = (
			);
			runOnlyForDeploymentPostprocessing = 0;
		};
/* End PBXFrameworksBuildPhase section */

/* Begin PBXGroup section */
		3F5D2747296D353900DDBEC1 = {
			isa = PBXGroup;
			children = (
				3F5D2752296D353900DDBEC1 /* Maple */,
				3F5D2769296D353B00DDBEC1 /* MapleTests */,
				3F5D2773296D353B00DDBEC1 /* MapleUITests */,
				3F5D2751296D353900DDBEC1 /* Products */,
			);
			sourceTree = "<group>";
		};
		3F5D2751296D353900DDBEC1 /* Products */ = {
			isa = PBXGroup;
			children = (
				3F5D2750296D353900DDBEC1 /* Maple.app */,
				3F5D2766296D353B00DDBEC1 /* MapleTests.xctest */,
				3F5D2770296D353B00DDBEC1 /* MapleUITests.xctest */,
			);
			name = Products;
			sourceTree = "<group>";
		};
		3F5D2752296D353900DDBEC1 /* Maple */ = {
			isa = PBXGroup;
			children = (
				3F5D2753296D353900DDBEC1 /* AppDelegate.swift */,
				3F5D2755296D353900DDBEC1 /* SceneDelegate.swift */,
				3F5D2757296D353900DDBEC1 /* ViewController.swift */,
				3F5D2759296D353900DDBEC1 /* Main.storyboard */,
				3F5D275C296D353B00DDBEC1 /* Assets.xcassets */,
				3F5D275E296D353B00DDBEC1 /* LaunchScreen.storyboard */,
				3F5D2761296D353B00DDBEC1 /* Info.plist */,
			);
			path = Maple;
			sourceTree = "<group>";
		};
		3F5D2769296D353B00DDBEC1 /* MapleTests */ = {
			isa = PBXGroup;
			children = (
				3F5D276A296D353B00DDBEC1 /* MapleTests.swift */,
			);
			path = MapleTests;
			sourceTree = "<group>";
		};
		3F5D2773296D353B00DDBEC1 /* MapleUITests */ = {
			isa = PBXGroup;
			children = (
				3F5D2774296D353B00DDBEC1 /* MapleUITests.swift */,
				3F5D2776296D353B00DDBEC1 /* MapleUITestsLaunchTests.swift */,
			);
			path = MapleUITests;
			sourceTree = "<group>";
		};
/* End PBXGroup section */

/* Begin PBXNativeTarget section */
		3F5D274F296D353900DDBEC1 /* Maple */ = {
			isa = PBXNativeTarget;
			buildConfigurationList = 3F5D277A296D353B00DDBEC1 /* Build configuration list for PBXNativeTarget "Maple" */;
			buildPhases = (
				3F5D274C296D353900DDBEC1 /* Sources */,
				3F5D274D296D353900DDBEC1 /* Frameworks */,
				3F5D274E296D353900DDBEC1 /* Resources */,
			);
			buildRules = (
			);
			dependencies = (
			);
			name = Maple;
			productName = Maple;
			productReference = 3F5D2750296D353900DDBEC1 /* Maple.app */;
			productType = "com.apple.product-type.application";
		};
		3F5D2765296D353B00DDBEC1 /* MapleTests */ = {
			isa = PBXNativeTarget;
			buildConfigurationList = 3F5D277D296D353B00DDBEC1 /* Build configuration list for PBXNativeTarget "MapleTests" */;
			buildPhases = (
				3F5D2762296D353B00DDBEC1 /* Sources */,
				3F5D2763296D353B00DDBEC1 /* Frameworks */,
				3F5D2764296D353B00DDBEC1 /* Resources */,
			);
			buildRules = (
			);
			dependencies = (
				3F5D2768296D353B00DDBEC1 /* PBXTargetDependency */,
			);
			name = MapleTests;
			productName = MapleTests;
			productReference = 3F5D2766296D353B00DDBEC1 /* MapleTests.xctest */;
			productType = "com.apple.product-type.bundle.unit-test";
		};
		3F5D276F296D353B00DDBEC1 /* MapleUITests */ = {
			isa = PBXNativeTarget;
			buildConfigurationList = 3F5D2780296D353B00DDBEC1 /* Build configuration list for PBXNativeTarget "MapleUITests" */;
			buildPhases = (
				3F5D276C296D353B00DDBEC1 /* Sources */,
				3F5D276D296D353B00DDBEC1 /* Frameworks */,
				3F5D276E296D353B00DDBEC1 /* Resources */,
			);
			buildRules = (
			);
			dependencies = (
				3F5D2772296D353B00DDBEC1 /* PBXTargetDependency */,
			);
			name = MapleUITests;
			productName = MapleUITests;
			productReference = 3F5D2770296D353B00DDBEC1 /* MapleUITests.xctest */;
			productType = "com.apple.product-type.bundle.ui-testing";
		};
/* End PBXNativeTarget section */

/* Begin PBXProject section */
		3F5D2748296D353900DDBEC1 /* Project object */ = {
			isa = PBXProject;
			attributes = {
				BuildIndependentTargetsInParallel = 1;
				LastSwiftUpdateCheck = 1420;
				LastUpgradeCheck = 1420;
				TargetAttributes = {
					3F5D274F296D353900DDBEC1 = {
						CreatedOnToolsVersion = 14.2;
					};
					3F5D2765296D353B00DDBEC1 = {
						CreatedOnToolsVersion = 14.2;
						TestTargetID = 3F5D274F296D353900DDBEC1;
					};
					3F5D276F296D353B00DDBEC1 = {
						CreatedOnToolsVersion = 14.2;
						TestTargetID = 3F5D274F296D353900DDBEC1;
					};
				};
			};
			buildConfigurationList = 3F5D274B296D353900DDBEC1 /* Build configuration list for PBXProject "Maple" */;
			compatibilityVersion = "Xcode 14.0";
			developmentRegion = en;
			hasScannedForEncodings = 0;
			knownRegions = (
				en,
				Base,
			);
			mainGroup = 3F5D2747296D353900DDBEC1;
			productRefGroup = 3F5D2751296D353900DDBEC1 /* Products */;
			projectDirPath = "";
			projectRoot = "";
			targets = (
				3F5D274F296D353900DDBEC1 /* Maple */,
				3F5D2765296D353B00DDBEC1 /* MapleTests */,
				3F5D276F296D353B00DDBEC1 /* MapleUITests */,
			);
		};
/* End PBXProject section */

/* Begin PBXResourcesBuildPhase section */
		3F5D274E296D353900DDBEC1 /* Resources */ = {
			isa = PBXResourcesBuildPhase;
			buildActionMask = 2147483647;
			files = (
				3F5D2760296D353B00DDBEC1 /* LaunchScreen.storyboard in Resources */,
				3F5D275D296D353B00DDBEC1 /* Assets.xcassets in Resources */,
				3F5D275B296D353900DDBEC1 /* Main.storyboard in Resources */,
			);
			runOnlyForDeploymentPostprocessing = 0;
		};
		3F5D2764296D353B00DDBEC1 /* Resources */ = {
			isa = PBXResourcesBuildPhase;
			buildActionMask = 2147483647;
			files = (
			);
			runOnlyForDeploymentPostprocessing = 0;
		};
		3F5D276E296D353B00DDBEC1 /* Resources */ = {
			isa = PBXResourcesBuildPhase;
			buildActionMask = 2147483647;
			files = (
			);
			runOnlyForDeploymentPostprocessing = 0;
		};
/* End PBXResourcesBuildPhase section */

/* Begin PBXSourcesBuildPhase section */
		3F5D274C296D353900DDBEC1 /* Sources */ = {
			isa = PBXSourcesBuildPhase;
			buildActionMask = 2147483647;
			files = (
				3F5D2758296D353900DDBEC1 /* ViewController.swift in Sources */,
				3F5D2754296D353900DDBEC1 /* AppDelegate.swift in Sources */,
				3F5D2756296D353900DDBEC1 /* SceneDelegate.swift in Sources */,
			);
			runOnlyForDeploymentPostprocessing = 0;
		};
		3F5D2762296D353B00DDBEC1 /* Sources */ = {
			isa = PBXSourcesBuildPhase;
			buildActionMask = 2147483647;
			files = (
				3F5D276B296D353B00DDBEC1 /* MapleTests.swift in Sources */,
			);
			runOnlyForDeploymentPostprocessing = 0;
		};
		3F5D276C296D353B00DDBEC1 /* Sources */ = {
			isa = PBXSourcesBuildPhase;
			buildActionMask = 2147483647;
			files = (
				3F5D2777296D353B00DDBEC1 /* MapleUITestsLaunchTests.swift in Sources */,
				3F5D2775296D353B00DDBEC1 /* MapleUITests.swift in Sources */,
			);
			runOnlyForDeploymentPostprocessing = 0;
		};
/* End PBXSourcesBuildPhase section */

/* Begin PBXTargetDependency section */
		3F5D2768296D353B00DDBEC1 /* PBXTargetDependency */ = {
			isa = PBXTargetDependency;
			target = 3F5D274F296D353900DDBEC1 /* Maple */;
			targetProxy = 3F5D2767296D353B00DDBEC1 /* PBXContainerItemProxy */;
		};
		3F5D2772296D353B00DDBEC1 /* PBXTargetDependency */ = {
			isa = PBXTargetDependency;
			target = 3F5D274F296D353900DDBEC1 /* Maple */;
			targetProxy = 3F5D2771296D353B00DDBEC1 /* PBXContainerItemProxy */;
		};
/* End PBXTargetDependency section */

/* Begin PBXVariantGroup section */
		3F5D2759296D353900DDBEC1 /* Main.storyboard */ = {
			isa = PBXVariantGroup;
			children = (
				3F5D275A296D353900DDBEC1 /* Base */,
			);
			name = Main.storyboard;
			sourceTree = "<group>";
		};
		3F5D275E296D353B00DDBEC1 /* LaunchScreen.storyboard */ = {
			isa = PBXVariantGroup;
			children = (
				3F5D275F296D353B00DDBEC1 /* Base */,
			);
			name = LaunchScreen.storyboard;
			sourceTree = "<group>";
		};
/* End PBXVariantGroup section */

/* Begin XCBuildConfiguration section */
		3F5D2778296D353B00DDBEC1 /* Debug */ = {
			isa = XCBuildConfiguration;
			buildSettings = {
				ALWAYS_SEARCH_USER_PATHS = NO;
				CLANG_ANALYZER_NONNULL = YES;
				CLANG_ANALYZER_NUMBER_OBJECT_CONVERSION = YES_AGGRESSIVE;
				CLANG_CXX_LANGUAGE_STANDARD = "gnu++20";
				CLANG_ENABLE_MODULES = YES;
				CLANG_ENABLE_OBJC_ARC = YES;
				CLANG_ENABLE_OBJC_WEAK = YES;
				CLANG_WARN_BLOCK_CAPTURE_AUTORELEASING = YES;
				CLANG_WARN_BOOL_CONVERSION = YES;
				CLANG_WARN_COMMA = YES;
				CLANG_WARN_CONSTANT_CONVERSION = YES;
				CLANG_WARN_DEPRECATED_OBJC_IMPLEMENTATIONS = YES;
				CLANG_WARN_DIRECT_OBJC_ISA_USAGE = YES_ERROR;
				CLANG_WARN_DOCUMENTATION_COMMENTS = YES;
				CLANG_WARN_EMPTY_BODY = YES;
				CLANG_WARN_ENUM_CONVERSION = YES;
				CLANG_WARN_INFINITE_RECURSION = YES;
				CLANG_WARN_INT_CONVERSION = YES;
				CLANG_WARN_NON_LITERAL_NULL_CONVERSION = YES;
				CLANG_WARN_OBJC_IMPLICIT_RETAIN_SELF = YES;
				CLANG_WARN_OBJC_LITERAL_CONVERSION = YES;
				CLANG_WARN_OBJC_ROOT_CLASS = YES_ERROR;
				CLANG_WARN_QUOTED_INCLUDE_IN_FRAMEWORK_HEADER = YES;
				CLANG_WARN_RANGE_LOOP_ANALYSIS = YES;
				CLANG_WARN_STRICT_PROTOTYPES = YES;
				CLANG_WARN_SUSPICIOUS_MOVE = YES;
				CLANG_WARN_UNGUARDED_AVAILABILITY = YES_AGGRESSIVE;
				CLANG_WARN_UNREACHABLE_CODE = YES;
				CLANG_WARN__DUPLICATE_METHOD_MATCH = YES;
				COPY_PHASE_STRIP = NO;
				DEBUG_INFORMATION_FORMAT = dwarf;
				ENABLE_STRICT_OBJC_MSGSEND = YES;
				ENABLE_TESTABILITY = YES;
				GCC_C_LANGUAGE_STANDARD = gnu11;
				GCC_DYNAMIC_NO_PIC = NO;
				GCC_NO_COMMON_BLOCKS = YES;
				GCC_OPTIMIZATION_LEVEL = 0;
				GCC_PREPROCESSOR_DEFINITIONS = (
					"DEBUG=1",
					"$(inherited)",
				);
				GCC_WARN_64_TO_32_BIT_CONVERSION = YES;
				GCC_WARN_ABOUT_RETURN_TYPE = YES_ERROR;
				GCC_WARN_UNDECLARED_SELECTOR = YES;
				GCC_WARN_UNINITIALIZED_AUTOS = YES_AGGRESSIVE;
				GCC_WARN_UNUSED_FUNCTION = YES;
				GCC_WARN_UNUSED_VARIABLE = YES;
				IPHONEOS_DEPLOYMENT_TARGET = 16.2;
				MTL_ENABLE_DEBUG_INFO = INCLUDE_SOURCE;
				MTL_FAST_MATH = YES;
				ONLY_ACTIVE_ARCH = YES;
				SDKROOT = iphoneos;
				SWIFT_ACTIVE_COMPILATION_CONDITIONS = DEBUG;
				SWIFT_OPTIMIZATION_LEVEL = "-Onone";
			};
			name = Debug;
		};
		3F5D2779296D353B00DDBEC1 /* Release */ = {
			isa = XCBuildConfiguration;
			buildSettings = {
				ALWAYS_SEARCH_USER_PATHS = NO;
				CLANG_ANALYZER_NONNULL = YES;
				CLANG_ANALYZER_NUMBER_OBJECT_CONVERSION = YES_AGGRESSIVE;
				CLANG_CXX_LANGUAGE_STANDARD = "gnu++20";
				CLANG_ENABLE_MODULES = YES;
				CLANG_ENABLE_OBJC_ARC = YES;
				CLANG_ENABLE_OBJC_WEAK = YES;
				CLANG_WARN_BLOCK_CAPTURE_AUTORELEASING = YES;
				CLANG_WARN_BOOL_CONVERSION = YES;
				CLANG_WARN_COMMA = YES;
				CLANG_WARN_CONSTANT_CONVERSION = YES;
				CLANG_WARN_DEPRECATED_OBJC_IMPLEMENTATIONS = YES;
				CLANG_WARN_DIRECT_OBJC_ISA_USAGE = YES_ERROR;
				CLANG_WARN_DOCUMENTATION_COMMENTS = YES;
				CLANG_WARN_EMPTY_BODY = YES;
				CLANG_WARN_ENUM_CONVERSION = YES;
				CLANG_WARN_INFINITE_RECURSION = YES;
				CLANG_WARN_INT_CONVERSION = YES;
				CLANG_WARN_NON_LITERAL_NULL_CONVERSION = YES;
				CLANG_WARN_OBJC_IMPLICIT_RETAIN_SELF = YES;
				CLANG_WARN_OBJC_LITERAL_CONVERSION = YES;
				CLANG_WARN_OBJC_ROOT_CLASS = YES_ERROR;
				CLANG_WARN_QUOTED_INCLUDE_IN_FRAMEWORK_HEADER = YES;
				CLANG_WARN_RANGE_LOOP_ANALYSIS = YES;
				CLANG_WARN_STRICT_PROTOTYPES = YES;
				CLANG_WARN_SUSPICIOUS_MOVE = YES;
				CLANG_WARN_UNGUARDED_AVAILABILITY = YES_AGGRESSIVE;
				CLANG_WARN_UNREACHABLE_CODE = YES;
				CLANG_WARN__DUPLICATE_METHOD_MATCH = YES;
				COPY_PHASE_STRIP = NO;
				DEBUG_INFORMATION_FORMAT = "dwarf-with-dsym";
				ENABLE_NS_ASSERTIONS = NO;
				ENABLE_STRICT_OBJC_MSGSEND = YES;
				GCC_C_LANGUAGE_STANDARD = gnu11;
				GCC_NO_COMMON_BLOCKS = YES;
				GCC_WARN_64_TO_32_BIT_CONVERSION = YES;
				GCC_WARN_ABOUT_RETURN_TYPE = YES_ERROR;
				GCC_WARN_UNDECLARED_SELECTOR = YES;
				GCC_WARN_UNINITIALIZED_AUTOS = YES_AGGRESSIVE;
				GCC_WARN_UNUSED_FUNCTION = YES;
				GCC_WARN_UNUSED_VARIABLE = YES;
				IPHONEOS_DEPLOYMENT_TARGET = 16.2;
				MTL_ENABLE_DEBUG_INFO = NO;
				MTL_FAST_MATH = YES;
				SDKROOT = iphoneos;
				SWIFT_COMPILATION_MODE = wholemodule;
				SWIFT_OPTIMIZATION_LEVEL = "-O";
				VALIDATE_PRODUCT = YES;
			};
			name = Release;
		};
		3F5D277B296D353B00DDBEC1 /* Debug */ = {
			isa = XCBuildConfiguration;
			buildSettings = {
				ASSETCATALOG_COMPILER_APPICON_NAME = AppIcon;
				ASSETCATALOG_COMPILER_GLOBAL_ACCENT_COLOR_NAME = AccentColor;
				CODE_SIGN_STYLE = Automatic;
				CURRENT_PROJECT_VERSION = 1;
				DEVELOPMENT_TEAM = 6P9DVHVRR7;
				GENERATE_INFOPLIST_FILE = YES;
				INFOPLIST_FILE = Maple/Info.plist;
				INFOPLIST_KEY_UIApplicationSupportsIndirectInputEvents = YES;
				INFOPLIST_KEY_UILaunchStoryboardName = LaunchScreen;
				INFOPLIST_KEY_UIMainStoryboardFile = Main;
				INFOPLIST_KEY_UISupportedInterfaceOrientations_iPad = "UIInterfaceOrientationPortrait UIInterfaceOrientationPortraitUpsideDown UIInterfaceOrientationLandscapeLeft UIInterfaceOrientationLandscapeRight";
				INFOPLIST_KEY_UISupportedInterfaceOrientations_iPhone = "UIInterfaceOrientationPortrait UIInterfaceOrientationLandscapeLeft UIInterfaceOrientationLandscapeRight";
				LD_RUNPATH_SEARCH_PATHS = (
					"$(inherited)",
					"@executable_path/Frameworks",
				);
				MARKETING_VERSION = 1.0;
				PRODUCT_BUNDLE_IDENTIFIER = com.alijas.Maple;
				PRODUCT_NAME = "$(TARGET_NAME)";
				SWIFT_EMIT_LOC_STRINGS = YES;
				SWIFT_VERSION = 5.0;
				TARGETED_DEVICE_FAMILY = "1,2";
			};
			name = Debug;
		};
		3F5D277C296D353B00DDBEC1 /* Release */ = {
			isa = XCBuildConfiguration;
			buildSettings = {
				ASSETCATALOG_COMPILER_APPICON_NAME = AppIcon;
				ASSETCATALOG_COMPILER_GLOBAL_ACCENT_COLOR_NAME = AccentColor;
				CODE_SIGN_STYLE = Automatic;
				CURRENT_PROJECT_VERSION = 1;
				DEVELOPMENT_TEAM = 6P9DVHVRR7;
				GENERATE_INFOPLIST_FILE = YES;
				INFOPLIST_FILE = Maple/Info.plist;
				INFOPLIST_KEY_UIApplicationSupportsIndirectInputEvents = YES;
				INFOPLIST_KEY_UILaunchStoryboardName = LaunchScreen;
				INFOPLIST_KEY_UIMainStoryboardFile = Main;
				INFOPLIST_KEY_UISupportedInterfaceOrientations_iPad = "UIInterfaceOrientationPortrait UIInterfaceOrientationPortraitUpsideDown UIInterfaceOrientationLandscapeLeft UIInterfaceOrientationLandscapeRight";
				INFOPLIST_KEY_UISupportedInterfaceOrientations_iPhone = "UIInterfaceOrientationPortrait UIInterfaceOrientationLandscapeLeft UIInterfaceOrientationLandscapeRight";
				LD_RUNPATH_SEARCH_PATHS = (
					"$(inherited)",
					"@executable_path/Frameworks",
				);
				MARKETING_VERSION = 1.0;
				PRODUCT_BUNDLE_IDENTIFIER = com.alijas.Maple;
				PRODUCT_NAME = "$(TARGET_NAME)";
				SWIFT_EMIT_LOC_STRINGS = YES;
				SWIFT_VERSION = 5.0;
				TARGETED_DEVICE_FAMILY = "1,2";
			};
			name = Release;
		};
		3F5D277E296D353B00DDBEC1 /* Debug */ = {
			isa = XCBuildConfiguration;
			buildSettings = {
				ALWAYS_EMBED_SWIFT_STANDARD_LIBRARIES = YES;
				BUNDLE_LOADER = "$(TEST_HOST)";
				CODE_SIGN_STYLE = Automatic;
				CURRENT_PROJECT_VERSION = 1;
				DEVELOPMENT_TEAM = 6P9DVHVRR7;
				GENERATE_INFOPLIST_FILE = YES;
				IPHONEOS_DEPLOYMENT_TARGET = 16.2;
				MARKETING_VERSION = 1.0;
				PRODUCT_BUNDLE_IDENTIFIER = com.alijas.MapleTests;
				PRODUCT_NAME = "$(TARGET_NAME)";
				SWIFT_EMIT_LOC_STRINGS = NO;
				SWIFT_VERSION = 5.0;
				TARGETED_DEVICE_FAMILY = "1,2";
				TEST_HOST = "$(BUILT_PRODUCTS_DIR)/Maple.app/$(BUNDLE_EXECUTABLE_FOLDER_PATH)/Maple";
			};
			name = Debug;
		};
		3F5D277F296D353B00DDBEC1 /* Release */ = {
			isa = XCBuildConfiguration;
			buildSettings = {
				ALWAYS_EMBED_SWIFT_STANDARD_LIBRARIES = YES;
				BUNDLE_LOADER = "$(TEST_HOST)";
				CODE_SIGN_STYLE = Automatic;
				CURRENT_PROJECT_VERSION = 1;
				DEVELOPMENT_TEAM = 6P9DVHVRR7;
				GENERATE_INFOPLIST_FILE = YES;
				IPHONEOS_DEPLOYMENT_TARGET = 16.2;
				MARKETING_VERSION = 1.0;
				PRODUCT_BUNDLE_IDENTIFIER = com.alijas.MapleTests;
				PRODUCT_NAME = "$(TARGET_NAME)";
				SWIFT_EMIT_LOC_STRINGS = NO;
				SWIFT_VERSION = 5.0;
				TARGETED_DEVICE_FAMILY = "1,2";
				TEST_HOST = "$(BUILT_PRODUCTS_DIR)/Maple.app/$(BUNDLE_EXECUTABLE_FOLDER_PATH)/Maple";
			};
			name = Release;
		};
		3F5D2781296D353B00DDBEC1 /* Debug */ = {
			isa = XCBuildConfiguration;
			buildSettings = {
				ALWAYS_EMBED_SWIFT_STANDARD_LIBRARIES = YES;
				CODE_SIGN_STYLE = Automatic;
				CURRENT_PROJECT_VERSION = 1;
				DEVELOPMENT_TEAM = 6P9DVHVRR7;
				GENERATE_INFOPLIST_FILE = YES;
				MARKETING_VERSION = 1.0;
				PRODUCT_BUNDLE_IDENTIFIER = com.alijas.MapleUITests;
				PRODUCT_NAME = "$(TARGET_NAME)";
				SWIFT_EMIT_LOC_STRINGS = NO;
				SWIFT_VERSION = 5.0;
				TARGETED_DEVICE_FAMILY = "1,2";
				TEST_TARGET_NAME = Maple;
			};
			name = Debug;
		};
		3F5D2782296D353B00DDBEC1 /* Release */ = {
			isa = XCBuildConfiguration;
			buildSettings = {
				ALWAYS_EMBED_SWIFT_STANDARD_LIBRARIES = YES;
				CODE_SIGN_STYLE = Automatic;
				CURRENT_PROJECT_VERSION = 1;
				DEVELOPMENT_TEAM = 6P9DVHVRR7;
				GENERATE_INFOPLIST_FILE = YES;
				MARKETING_VERSION = 1.0;
				PRODUCT_BUNDLE_IDENTIFIER = com.alijas.MapleUITests;
				PRODUCT_NAME = "$(TARGET_NAME)";
				SWIFT_EMIT_LOC_STRINGS = NO;
				SWIFT_VERSION = 5.0;
				TARGETED_DEVICE_FAMILY = "1,2";
				TEST_TARGET_NAME = Maple;
			};
			name = Release;
		};
/* End XCBuildConfiguration section */

/* Begin XCConfigurationList section */
		3F5D274B296D353900DDBEC1 /* Build configuration list for PBXProject "Maple" */ = {
			isa = XCConfigurationList;
			buildConfigurations = (
				3F5D2778296D353B00DDBEC1 /* Debug */,
				3F5D2779296D353B00DDBEC1 /* Release */,
			);
			defaultConfigurationIsVisible = 0;
			defaultConfigurationName = Release;
		};
		3F5D277A296D353B00DDBEC1 /* Build configuration list for PBXNativeTarget "Maple" */ = {
			isa = XCConfigurationList;
			buildConfigurations = (
				3F5D277B296D353B00DDBEC1 /* Debug */,
				3F5D277C296D353B00DDBEC1 /* Release */,
			);
			defaultConfigurationIsVisible = 0;
			defaultConfigurationName = Release;
		};
		3F5D277D296D353B00DDBEC1 /* Build configuration list for PBXNativeTarget "MapleTests" */ = {
			isa = XCConfigurationList;
			buildConfigurations = (
				3F5D277E296D353B00DDBEC1 /* Debug */,
				3F5D277F296D353B00DDBEC1 /* Release */,
			);
			defaultConfigurationIsVisible = 0;
			defaultConfigurationName = Release;
		};
		3F5D2780296D353B00DDBEC1 /* Build configuration list for PBXNativeTarget "MapleUITests" */ = {
			isa = XCConfigurationList;
			buildConfigurations = (
				3F5D2781296D353B00DDBEC1 /* Debug */,
				3F5D2782296D353B00DDBEC1 /* Release */,
			);
			defaultConfigurationIsVisible = 0;
			defaultConfigurationName = Release;
		};
/* End XCConfigurationList section */
	};
	rootObject = 3F5D2748296D353900DDBEC1 /* Project object */;
}
